{
  "name": "@anio-software/pkg.event-emitter",
  "version": "0.0.1",
  "lockfileVersion": 3,
  "requires": true,
  "packages": {
    "": {
      "name": "@anio-software/pkg.event-emitter",
      "version": "0.0.1",
      "license": "MIT",
      "devDependencies": {
        "@anio-software/enkore": "^0.0.190",
        "@anio-software/enkore.core": "^0.13.1",
        "@anio-software/enkore.target-js-none": "^0.0.366"
      }
    },
    "node_modules/@anio-software/enkore": {
      "version": "0.0.190",
      "resolved": "https://npm-registry.anio.software/@anio-software/enkore/-/enkore-0.0.190.tgz",
      "integrity": "sha512-4wqBnUmnkFMXwM7qTmQKbBiPUHYpYULMIIbQzSjL0IFkVvSGwH2KMg14tSrqIfeJKRHiasHVyq5oK7VG+08EyA==",
      "dev": true,
      "license": "MIT",
      "bin": {
        "enkore": "bin/enkore.mjs"
      },
      "engines": {
        "node": ">=23.6.x"
      }
    },
    "node_modules/@anio-software/enkore.core": {
      "version": "0.13.1",
      "resolved": "https://npm-registry.anio.software/@anio-software/enkore.core/-/enkore.core-0.13.1.tgz",
      "integrity": "sha512-l9rf04AUQEbeA0jBa7OqHblJnw1K3xxPikV6jgcfwb+dDKRYR2mRz9ZitaHvuqj6O8anqVdboy5eDQak9ezG0g==",
      "dev": true,
      "license": "MIT",
      "engines": {
        "node": ">=23.6.x"
      }
    },
    "node_modules/@anio-software/enkore.js-runtime": {
      "version": "0.0.21",
      "resolved": "https://npm-registry.anio.software/@anio-software/enkore.js-runtime/-/enkore.js-runtime-0.0.21.tgz",
      "integrity": "sha512-yXrfiY8fb/PLFbBaavRNMC7Gyj4gSgdfm4Sb/VUz0Lv9nSAAZZa6vpvzI8ENm84E8u1E2PZQyAK70+DYS1PC+Q==",
      "dev": true,
      "license": "MIT",
      "peer": true,
      "engines": {
        "node": ">=23.6.x"
      }
    },
    "node_modules/@anio-software/enkore.target-js-none": {
      "version": "0.0.366",
      "resolved": "https://npm-registry.anio.software/@anio-software/enkore.target-js-none/-/enkore.target-js-none-0.0.366.tgz",
      "integrity": "sha512-zGQYDeI4AmM7WOntQINooa+Zrq06PVk32wGO9Ec84AevRGqtNtt0Zc4iGh7fuvojsVN1T1udeTuU6bPS60HpDg==",
      "dev": true,
      "license": "MIT",
      "peerDependencies": {
        "@anio-software/enkore.js-runtime": ">=0.0.21",
        "@types/node": ">=22.7.x"
      }
    },
    "node_modules/@types/node": {
      "version": "24.0.8",
      "resolved": "https://registry.npmjs.org/@types/node/-/node-24.0.8.tgz",
      "integrity": "sha512-WytNrFSgWO/esSH9NbpWUfTMGQwCGIKfCmNlmFDNiI5gGhgMmEA+V1AEvKLeBNvvtBnailJtkrEa2OIISwrVAA==",
      "dev": true,
      "license": "MIT",
      "peer": true,
      "dependencies": {
        "undici-types": "~7.8.0"
      }
    },
    "node_modules/undici-types": {
      "version": "7.8.0",
      "resolved": "https://registry.npmjs.org/undici-types/-/undici-types-7.8.0.tgz",
      "integrity": "sha512-9UJ2xGDvQ43tYyVMpuHlsgApydB8ZKfVYTsLDhXkFL/6gfkp+U8xTGdh8pMJv1SpZna0zxG1DwsKZsreLbXBxw==",
      "dev": true,
      "license": "MIT",
      "peer": true
    }
  }
}
